{
    "hash": "167e0e81e45093e59b9a05c8ff3b6c44",
    "packages": [
        {
            "package": "maximebf/cachecache",
            "version": "dev-master",
            "source-reference": "d6f99e47af18e9a8b49fa90d81f92120df8854a4",
            "commit-date": "1345280504"
        }
    ],
    "packages-dev": null,
    "aliases": [

    ],
    "minimum-stability": "stable",
    "stability-flags": {
        "maximebf/cachecache": 20
    }
}
